
Microsoft Visual Studio Solution File, Format Version 12.00
# Visual Studio Version 17
VisualStudioVersion = 17.14.36915.13
MinimumVisualStudioVersion = 10.0.40219.1
Project("{FAE04EC0-301F-11D3-BF4B-00C04F79EFBC}") = "CySiLang.CLI", "CySiLang.CLI.csproj", "{D1DEA437-93B8-4C15-8332-52FB18842C5B}"
EndProject
Global
	GlobalSection(SolutionConfigurationPlatforms) = preSolution
		Debug|Any CPU = Debug|Any CPU
		Release|Any CPU = Release|Any CPU
	EndGlobalSection
	GlobalSection(ProjectConfigurationPlatforms) = postSolution
		{D1DEA437-93B8-4C15-8332-52FB18842C5B}.Debug|Any CPU.ActiveCfg = Debug|Any CPU
		{D1DEA437-93B8-4C15-8332-52FB18842C5B}.Debug|Any CPU.Build.0 = Debug|Any CPU
		{D1DEA437-93B8-4C15-8332-52FB18842C5B}.Release|Any CPU.ActiveCfg = Release|Any CPU
		{D1DEA437-93B8-4C15-8332-52FB18842C5B}.Release|Any CPU.Build.0 = Release|Any CPU
	EndGlobalSection
	GlobalSection(SolutionProperties) = preSolution
		HideSolutionNode = FALSE
	EndGlobalSection
	GlobalSection(ExtensibilityGlobals) = postSolution
		SolutionGuid = {D0308CA3-F24C-4680-BBD9-CE9075419DDD}
	EndGlobalSection
EndGlobal
